a:5:{s:5:"doing";s:15:"Sending Archive";s:8:"item_key";i:1451626460;s:13:"data_item_key";i:1451704870;s:10:"time_start";i:1451707917;s:3:"pid";i:17962;}
:"has_lock";b:1;s:9:"file_name";s:110:"/home/circulocristiano/public_html/wp-content/uploads/snapshots/snapshot-1451626460-160102-032110-c2bf7adc.zip";s:9:"file_size";i:2632978;}
